<?xml version="1.0" encoding="utf-8"?>
<Project ToolsVersion="4.0" xmlns="http://schemas.microsoft.com/developer/msbuild/2003">
  <ItemGroup>
    <Filter Include="Source Files">
      <UniqueIdentifier>{4FC737F1-C7A5-4376-A066-2A32D752A2FF}</UniqueIdentifier>
      <Extensions>cpp;cxx;c;def</Extensions>
    </Filter>
    <Filter Include="Header Files">
      <UniqueIdentifier>{93995380-89BD-4b04-88EB-625FBE52EBFB}</UniqueIdentifier>
      <Extensions>h</Extensions>
    </Filter>
    <Filter Include="Form Files">
      <UniqueIdentifier>{99349809-55BA-4b9d-BF79-8FDBB0286EB3}</UniqueIdentifier>
      <Extensions>ui</Extensions>
    </Filter>
    <Filter Include="Resource Files">
      <UniqueIdentifier>{D9D6E242-F8AF-46E4-B9FD-80ECBC20BA3E}</UniqueIdentifier>
      <Extensions>qrc;*</Extensions>
      <ParseFiles>false</ParseFiles>
    </Filter>
    <Filter Include="Generated Files">
      <UniqueIdentifier>{71ED8ED8-ACB9-4CE9-BBE1-E00B30144E11}</UniqueIdentifier>
      <Extensions>moc;h;cpp</Extensions>
      <SourceControlFiles>False</SourceControlFiles>
    </Filter>
    <Filter Include="Generated Files\Debug">
      <UniqueIdentifier>{8d1f9a4b-d383-414e-97f8-1fcc68947de0}</UniqueIdentifier>
      <Extensions>cpp;moc</Extensions>
      <SourceControlFiles>False</SourceControlFiles>
    </Filter>
    <Filter Include="Generated Files\Release">
      <UniqueIdentifier>{b94a4629-7dfd-4ca7-8f58-c7b44845925f}</UniqueIdentifier>
      <Extensions>cpp;moc</Extensions>
      <SourceControlFiles>False</SourceControlFiles>
    </Filter>
  </ItemGroup>
  <ItemGroup>
    <ClCompile Include="main.cpp">
      <Filter>Source Files</Filter>
    </ClCompile>
    <ClCompile Include="GeneratedFiles\Release\moc_qc_applicationwindow.cpp">
      <Filter>Generated Files\Release</Filter>
    </ClCompile>
    <ClCompile Include="qc_applicationwindow.cpp">
      <Filter>Source Files</Filter>
    </ClCompile>
    <ClCompile Include="rs_entity.cpp">
      <Filter>Source Files</Filter>
    </ClCompile>
    <ClCompile Include="GeneratedFiles\Release\moc_qg_scrollbar.cpp">
      <Filter>Generated Files\Release</Filter>
    </ClCompile>
    <ClCompile Include="GeneratedFiles\Release\moc_qg_graphicview.cpp">
      <Filter>Generated Files\Release</Filter>
    </ClCompile>
    <ClCompile Include="GeneratedFiles\Release\moc_qg_actionhandler.cpp">
      <Filter>Generated Files\Release</Filter>
    </ClCompile>
  </ItemGroup>
  <ItemGroup>
    <CustomBuild Include="qcad.ui">
      <Filter>Form Files</Filter>
    </CustomBuild>
    <CustomBuild Include="qcad.qrc">
      <Filter>Resource Files</Filter>
    </CustomBuild>
    <CustomBuild Include="qc_applicationwindow.h">
      <Filter>Header Files</Filter>
    </CustomBuild>
    <CustomBuild Include="qg_scrollbar.h">
      <Filter>Header Files</Filter>
    </CustomBuild>
    <CustomBuild Include="qg_graphicview.h">
      <Filter>Header Files</Filter>
    </CustomBuild>
    <CustomBuild Include="qg_actionhandler.h">
      <Filter>Header Files</Filter>
    </CustomBuild>
  </ItemGroup>
  <ItemGroup>
    <ClInclude Include="qg_mainwindowinterface.h">
      <Filter>Header Files</Filter>
    </ClInclude>
    <ClInclude Include="rs_document.h">
      <Filter>Header Files</Filter>
    </ClInclude>
    <ClInclude Include="rs_entitycontainer.h">
      <Filter>Header Files</Filter>
    </ClInclude>
    <ClInclude Include="rs_undo.h">
      <Filter>Header Files</Filter>
    </ClInclude>
    <ClInclude Include="rs_string.h">
      <Filter>Header Files</Filter>
    </ClInclude>
    <ClInclude Include="rs_flags.h">
      <Filter>Header Files</Filter>
    </ClInclude>
    <ClInclude Include="rs_pen.h">
      <Filter>Header Files</Filter>
    </ClInclude>
    <ClInclude Include="rs.h">
      <Filter>Header Files</Filter>
    </ClInclude>
    <ClInclude Include="rs_layer.h">
      <Filter>Header Files</Filter>
    </ClInclude>
    <ClInclude Include="rs_layerlist.h">
      <Filter>Header Files</Filter>
    </ClInclude>
    <ClInclude Include="rs_layerlistlistener.h">
      <Filter>Header Files</Filter>
    </ClInclude>
    <ClInclude Include="rs_debug.h">
      <Filter>Header Files</Filter>
    </ClInclude>
    <ClInclude Include="rs_entity.h">
      <Filter>Header Files</Filter>
    </ClInclude>
    <ClInclude Include="rs_dict.h">
      <Filter>Header Files</Filter>
    </ClInclude>
    <ClInclude Include="rs_math.h">
      <Filter>Header Files</Filter>
    </ClInclude>
    <ClInclude Include="fparser.h">
      <Filter>Header Files</Filter>
    </ClInclude>
    <ClInclude Include="rs_regexp.h">
      <Filter>Header Files</Filter>
    </ClInclude>
    <ClInclude Include="rs_vector.h">
      <Filter>Header Files</Filter>
    </ClInclude>
    <ClInclude Include="rs_color.h">
      <Filter>Header Files</Filter>
    </ClInclude>
    <ClInclude Include="rs_stringlist.h">
      <Filter>Header Files</Filter>
    </ClInclude>
    <ClInclude Include="rs_undoable.h">
      <Filter>Header Files</Filter>
    </ClInclude>
    <ClInclude Include="rs_arc.h">
      <Filter>Header Files</Filter>
    </ClInclude>
    <ClInclude Include="rs_atomicentity.h">
      <Filter>Header Files</Filter>
    </ClInclude>
    <ClInclude Include="rs_circle.h">
      <Filter>Header Files</Filter>
    </ClInclude>
    <ClInclude Include="rs_ellipse.h">
      <Filter>Header Files</Filter>
    </ClInclude>
    <ClInclude Include="rs_blocklist.h">
      <Filter>Header Files</Filter>
    </ClInclude>
    <ClInclude Include="rs_block.h">
      <Filter>Header Files</Filter>
    </ClInclude>
    <ClInclude Include="rs_ptrlist.h">
      <Filter>Header Files</Filter>
    </ClInclude>
    <ClInclude Include="rs_mainwindowinterface.h">
      <Filter>Header Files</Filter>
    </ClInclude>
    <ClInclude Include="rs_graphicview.h">
      <Filter>Header Files</Filter>
    </ClInclude>
    <ClInclude Include="rs_keyevent.h">
      <Filter>Header Files</Filter>
    </ClInclude>
    <ClInclude Include="rs_linetypepattern.h">
      <Filter>Header Files</Filter>
    </ClInclude>
    <ClInclude Include="rs_mouseevent.h">
      <Filter>Header Files</Filter>
    </ClInclude>
    <ClInclude Include="rs_commandevent.h">
      <Filter>Header Files</Filter>
    </ClInclude>
    <ClInclude Include="rs_painterqt.h">
      <Filter>Header Files</Filter>
    </ClInclude>
    <ClInclude Include="rs_painter.h">
      <Filter>Header Files</Filter>
    </ClInclude>
    <ClInclude Include="rs_img.h">
      <Filter>Header Files</Filter>
    </ClInclude>
    <ClInclude Include="rs_pointarray.h">
      <Filter>Header Files</Filter>
    </ClInclude>
    <ClInclude Include="rs_insert.h">
      <Filter>Header Files</Filter>
    </ClInclude>
    <ClInclude Include="rs_line.h">
      <Filter>Header Files</Filter>
    </ClInclude>
    <ClInclude Include="rs_point.h">
      <Filter>Header Files</Filter>
    </ClInclude>
    <ClInclude Include="rs_variabledict.h">
      <Filter>Header Files</Filter>
    </ClInclude>
    <ClInclude Include="rs_variable.h">
      <Filter>Header Files</Filter>
    </ClInclude>
    <ClInclude Include="rs_undocycle.h">
      <Filter>Header Files</Filter>
    </ClInclude>
    <ClInclude Include="qc_dialogfactory.h">
      <Filter>Header Files</Filter>
    </ClInclude>
    <ClInclude Include="qg_dialogfactory.h">
      <Filter>Header Files</Filter>
    </ClInclude>
    <ClInclude Include="rs_dialogfactoryinterface.h">
      <Filter>Header Files</Filter>
    </ClInclude>
    <ClInclude Include="rs_dialogfactory.h">
      <Filter>Header Files</Filter>
    </ClInclude>
    <ClInclude Include="rs_dialogfactoryadapter.h">
      <Filter>Header Files</Filter>
    </ClInclude>
    <ClInclude Include="rs_actioninterface.h">
      <Filter>Header Files</Filter>
    </ClInclude>
    <ClInclude Include="rs_event.h">
      <Filter>Header Files</Filter>
    </ClInclude>
    <ClInclude Include="rs_snapper.h">
      <Filter>Header Files</Filter>
    </ClInclude>
    <ClInclude Include="rs_coordinateevent.h">
      <Filter>Header Files</Filter>
    </ClInclude>
    <ClInclude Include="rs_preview.h">
      <Filter>Header Files</Filter>
    </ClInclude>
    <ClInclude Include="rs_clipboard.h">
      <Filter>Header Files</Filter>
    </ClInclude>
    <ClInclude Include="rs_graphic.h">
      <Filter>Header Files</Filter>
    </ClInclude>
    <ClInclude Include="rs_blocklistlistener.h">
      <Filter>Header Files</Filter>
    </ClInclude>
    <ClInclude Include="rs_constructionline.h">
      <Filter>Header Files</Filter>
    </ClInclude>
    <ClInclude Include="rs_creation.h">
      <Filter>Header Files</Filter>
    </ClInclude>
    <ClInclude Include="rs_polyline.h">
      <Filter>Header Files</Filter>
    </ClInclude>
    <ClInclude Include="rs_image.h">
      <Filter>Header Files</Filter>
    </ClInclude>
    <ClInclude Include="rs_dimaligned.h">
      <Filter>Header Files</Filter>
    </ClInclude>
    <ClInclude Include="rs_dimension.h">
      <Filter>Header Files</Filter>
    </ClInclude>
    <ClInclude Include="rs_dimangular.h">
      <Filter>Header Files</Filter>
    </ClInclude>
    <ClInclude Include="rs_dimlinear.h">
      <Filter>Header Files</Filter>
    </ClInclude>
    <ClInclude Include="rs_dimradial.h">
      <Filter>Header Files</Filter>
    </ClInclude>
    <ClInclude Include="rs_dir.h">
      <Filter>Header Files</Filter>
    </ClInclude>
    <ClInclude Include="rs_eventhandler.h">
      <Filter>Header Files</Filter>
    </ClInclude>
    <ClInclude Include="rs_file.h">
      <Filter>Header Files</Filter>
    </ClInclude>
    <ClInclude Include="rs_fileinfo.h">
      <Filter>Header Files</Filter>
    </ClInclude>
    <ClInclude Include="rs_filtercxf.h">
      <Filter>Header Files</Filter>
    </ClInclude>
    <ClInclude Include="rs_filterdxf.h">
      <Filter>Header Files</Filter>
    </ClInclude>
    <ClInclude Include="rs_hatch.h">
      <Filter>Header Files</Filter>
    </ClInclude>
    <ClInclude Include="rs_leader.h">
      <Filter>Header Files</Filter>
    </ClInclude>
    <ClInclude Include="rs_spline.h">
      <Filter>Header Files</Filter>
    </ClInclude>
    <ClInclude Include="rs_valuelist.h">
      <Filter>Header Files</Filter>
    </ClInclude>
    <ClInclude Include="rs_solid.h">
      <Filter>Header Files</Filter>
    </ClInclude>
    <ClInclude Include="rs_text.h">
      <Filter>Header Files</Filter>
    </ClInclude>
    <ClInclude Include="rs_filterdxf1.h">
      <Filter>Header Files</Filter>
    </ClInclude>
    <ClInclude Include="rs_filterinterface.h">
      <Filter>Header Files</Filter>
    </ClInclude>
    <ClInclude Include="dl_attributes.h">
      <Filter>Header Files</Filter>
    </ClInclude>
    <ClInclude Include="dl_creationinterface.h">
      <Filter>Header Files</Filter>
    </ClInclude>
    <ClInclude Include="dl_codes.h">
      <Filter>Header Files</Filter>
    </ClInclude>
    <ClInclude Include="dl_entities.h">
      <Filter>Header Files</Filter>
    </ClInclude>
    <ClInclude Include="dl_extrusion.h">
      <Filter>Header Files</Filter>
    </ClInclude>
    <ClInclude Include="rs_font.h">
      <Filter>Header Files</Filter>
    </ClInclude>
    <ClInclude Include="rs_fontchar.h">
      <Filter>Header Files</Filter>
    </ClInclude>
    <ClInclude Include="rs_fontlist.h">
      <Filter>Header Files</Filter>
    </ClInclude>
    <ClInclude Include="rs_grid.h">
      <Filter>Header Files</Filter>
    </ClInclude>
    <ClInclude Include="rs_information.h">
      <Filter>Header Files</Filter>
    </ClInclude>
    <ClInclude Include="rs_previewactioninterface.h">
      <Filter>Header Files</Filter>
    </ClInclude>
    <ClInclude Include="rs_modification.h">
      <Filter>Header Files</Filter>
    </ClInclude>
    <ClInclude Include="rs_script.h">
      <Filter>Header Files</Filter>
    </ClInclude>
    <ClInclude Include="rs_scriptlist.h">
      <Filter>Header Files</Filter>
    </ClInclude>
    <ClInclude Include="rs_selection.h">
      <Filter>Header Files</Filter>
    </ClInclude>
    <ClInclude Include="rs_settings.h">
      <Filter>Header Files</Filter>
    </ClInclude>
    <ClInclude Include="rs_staticgraphicview.h">
      <Filter>Header Files</Filter>
    </ClInclude>
    <ClInclude Include="rs_system.h">
      <Filter>Header Files</Filter>
    </ClInclude>
    <ClInclude Include="rs_units.h">
      <Filter>Header Files</Filter>
    </ClInclude>
    <ClInclude Include="rs_textstream.h">
      <Filter>Header Files</Filter>
    </ClInclude>
    <ClInclude Include="rs_datetime.h">
      <Filter>Header Files</Filter>
    </ClInclude>
    <ClInclude Include="rs_utility.h">
      <Filter>Header Files</Filter>
    </ClInclude>
    <ClInclude Include="rs_pattern.h">
      <Filter>Header Files</Filter>
    </ClInclude>
    <ClInclude Include="rs_translator.h">
      <Filter>Header Files</Filter>
    </ClInclude>
    <ClInclude Include="rs_valuevector.h">
      <Filter>Header Files</Filter>
    </ClInclude>
    <ClInclude Include="rs_ptrqueue.h">
      <Filter>Header Files</Filter>
    </ClInclude>
    <ClInclude Include="rs_application.h">
      <Filter>Header Files</Filter>
    </ClInclude>
    <ClInclude Include="rs_dimdiametric.h">
      <Filter>Header Files</Filter>
    </ClInclude>
  </ItemGroup>
</Project>