
Microsoft Visual Studio Solution File, Format Version 11.00
# Visual Studio 2010
Project("{8BC9CEB8-8B4A-11D0-8D11-00A0C91BC942}") = "qcad", "qcad\qcad.vcxproj", "{BCC276E2-070D-442B-9A68-227C753F86B0}"
EndProject
Global
	GlobalSection(SolutionConfigurationPlatforms) = preSolution
		Debug|Win32 = Debug|Win32
		Release|Win32 = Release|Win32
	EndGlobalSection
	GlobalSection(ProjectConfigurationPlatforms) = postSolution
		{BCC276E2-070D-442B-9A68-227C753F86B0}.Debug|Win32.ActiveCfg = Debug|Win32
		{BCC276E2-070D-442B-9A68-227C753F86B0}.Debug|Win32.Build.0 = Debug|Win32
		{BCC276E2-070D-442B-9A68-227C753F86B0}.Release|Win32.ActiveCfg = Release|Win32
		{BCC276E2-070D-442B-9A68-227C753F86B0}.Release|Win32.Build.0 = Release|Win32
	EndGlobalSection
	GlobalSection(SolutionProperties) = preSolution
		HideSolutionNode = FALSE
	EndGlobalSection
EndGlobal
